
Microsoft Visual Studio Solution File, Format Version 12.00
# Visual Studio Version 16
VisualStudioVersion = 16.0.30011.22
MinimumVisualStudioVersion = 10.0.40219.1
Project("{FAE04EC0-301F-11D3-BF4B-00C04F79EFBC}") = "DigestAuthCalc", "DigestAuthCalc.csproj", "{126C5B8A-49C5-407B-9F4E-ADA8387C9092}"
EndProject
Global
	GlobalSection(SolutionConfigurationPlatforms) = preSolution
		Debug|Any CPU = Debug|Any CPU
		Release|Any CPU = Release|Any CPU
	EndGlobalSection
	GlobalSection(ProjectConfigurationPlatforms) = postSolution
		{126C5B8A-49C5-407B-9F4E-ADA8387C9092}.Debug|Any CPU.ActiveCfg = Debug|Any CPU
		{126C5B8A-49C5-407B-9F4E-ADA8387C9092}.Debug|Any CPU.Build.0 = Debug|Any CPU
		{126C5B8A-49C5-407B-9F4E-ADA8387C9092}.Release|Any CPU.ActiveCfg = Release|Any CPU
		{126C5B8A-49C5-407B-9F4E-ADA8387C9092}.Release|Any CPU.Build.0 = Release|Any CPU
	EndGlobalSection
	GlobalSection(SolutionProperties) = preSolution
		HideSolutionNode = FALSE
	EndGlobalSection
	GlobalSection(ExtensibilityGlobals) = postSolution
		SolutionGuid = {92939C66-7EBE-4194-9163-6D6C5DD6CEF7}
	EndGlobalSection
EndGlobal
